
Microsoft Visual Studio Solution File, Format Version 12.00
# Visual Studio Version 17
VisualStudioVersion = 17.0.31903.59
MinimumVisualStudioVersion = 10.0.40219.1
Project("{2150E333-8FDC-42A3-9474-1A3956D46DE8}") = "src", "src", "{827E0CD3-B72D-47B6-A68D-7590B98EB39B}"
EndProject
Project("{2150E333-8FDC-42A3-9474-1A3956D46DE8}") = "Beginner", "Beginner", "{8A8FE791-D814-58D8-8D11-043D19E13821}"
EndProject
Project("{FAE04EC0-301F-11D3-BF4B-00C04F79EFBC}") = "PrimeNumber", "src\Beginner\PrimeNumber\PrimeNumber.csproj", "{82809D9F-3AA0-4AB4-A5BD-CD531FF01AEE}"
EndProject
Project("{FAE04EC0-301F-11D3-BF4B-00C04F79EFBC}") = "Factorial", "src\Beginner\Factorial\Factorial.csproj", "{BFF26C00-67E1-4B10-B54A-61803BC6CB1F}"
EndProject
Project("{FAE04EC0-301F-11D3-BF4B-00C04F79EFBC}") = "Palindrome", "src\Beginner\Palindrome\Palindrome.csproj", "{4175639F-8B74-4A23-A8D5-ADB59768230C}"
EndProject
Project("{FAE04EC0-301F-11D3-BF4B-00C04F79EFBC}") = "FizzBuzz", "src\Beginner\FizzBuzz\FizzBuzz.csproj", "{984A7E00-54C8-4E82-934B-30C5033392B5}"
EndProject
Project("{FAE04EC0-301F-11D3-BF4B-00C04F79EFBC}") = "Gcd", "src\Beginner\Gcd\Gcd.csproj", "{5735A19E-2150-44BB-BA31-642ABD895516}"
EndProject
Project("{2150E333-8FDC-42A3-9474-1A3956D46DE8}") = "tests", "tests", "{0AB3BF05-4346-4AA6-1389-037BE0695223}"
EndProject
Project("{2150E333-8FDC-42A3-9474-1A3956D46DE8}") = "Beginner", "Beginner", "{99287FBD-BD68-E921-985F-44167FA33DE2}"
EndProject
Project("{FAE04EC0-301F-11D3-BF4B-00C04F79EFBC}") = "PrimeNumber.Tests", "tests\Beginner\PrimeNumber.Tests\PrimeNumber.Tests.csproj", "{068A813D-51EC-4E72-B78E-1A49088002F2}"
EndProject
Project("{FAE04EC0-301F-11D3-BF4B-00C04F79EFBC}") = "Factorial.Tests", "tests\Beginner\Factorial.Tests\Factorial.Tests.csproj", "{DB0A1CA3-E532-4F22-B7AF-C86E08BC0D56}"
EndProject
Project("{FAE04EC0-301F-11D3-BF4B-00C04F79EFBC}") = "Palindrome.Tests", "tests\Beginner\Palindrome.Tests\Palindrome.Tests.csproj", "{F476AC43-BC0C-43CB-8B28-DED9E2E1C3D7}"
EndProject
Project("{FAE04EC0-301F-11D3-BF4B-00C04F79EFBC}") = "FizzBuzz.Tests", "tests\Beginner\FizzBuzz.Tests\FizzBuzz.Tests.csproj", "{A481A183-DEE0-4665-8434-680A522B5CD9}"
EndProject
Project("{FAE04EC0-301F-11D3-BF4B-00C04F79EFBC}") = "Gcd.Tests", "tests\Beginner\Gcd.Tests\Gcd.Tests.csproj", "{40D177A2-B794-40D4-B6B4-E97ECCB6577D}"
EndProject
Project("{FAE04EC0-301F-11D3-BF4B-00C04F79EFBC}") = "ReverseString.Tests", "tests\Beginner\ReverseString.Tests\ReverseString.Tests.csproj", "{9273DA4E-DFEE-4409-9483-2AFA47993704}"
EndProject
Project("{FAE04EC0-301F-11D3-BF4B-00C04F79EFBC}") = "ReverseString", "src\Beginner\ReverseString\ReverseString.csproj", "{5F1F7E17-9DDD-DC1E-8956-A4B9B4497A07}"
EndProject
Project("{FAE04EC0-301F-11D3-BF4B-00C04F79EFBC}") = "CountVowels", "src\Beginner\CountVowels\CountVowels.csproj", "{00D5F7FA-85ED-4ADC-A5B9-2600C0939B43}"
EndProject
Project("{FAE04EC0-301F-11D3-BF4B-00C04F79EFBC}") = "CountVowels.Tests", "tests\Beginner\CountVowels.Tests\CountVowels.Tests.csproj", "{64254FB2-D7D3-4749-8722-2532CFAA4340}"
EndProject
Project("{FAE04EC0-301F-11D3-BF4B-00C04F79EFBC}") = "SumEvenNumbers", "src\Beginner\SumEvenNumbers\SumEvenNumbers.csproj", "{43FB0AFC-AFEA-4640-A637-AC366265FF1C}"
EndProject
Project("{FAE04EC0-301F-11D3-BF4B-00C04F79EFBC}") = "SumEvenNumbers.Tests", "tests\Beginner\SumEvenNumbers.Tests\SumEvenNumbers.Tests.csproj", "{04889BCA-A7E9-40DB-9DA8-0C7621DFD9C8}"
EndProject
Project("{FAE04EC0-301F-11D3-BF4B-00C04F79EFBC}") = "TemperatureConverter", "src\Beginner\TemperatureConverter\TemperatureConverter.csproj", "{C9AFEA36-078D-4788-9499-7380B036E269}"
EndProject
Project("{FAE04EC0-301F-11D3-BF4B-00C04F79EFBC}") = "TemperatureConverter.Tests", "tests\Beginner\TemperatureConverter.Tests\TemperatureConverter.Tests.csproj", "{C09D2F90-13FA-4D00-B1FC-7770AA4DF5BD}"
EndProject
Project("{FAE04EC0-301F-11D3-BF4B-00C04F79EFBC}") = "FibonacciSequence", "src\Beginner\FibonacciSequence\FibonacciSequence.csproj", "{23D279E4-10F6-4F9F-A492-99AB1C5DE214}"
EndProject
Project("{FAE04EC0-301F-11D3-BF4B-00C04F79EFBC}") = "FibonacciSequence.Tests", "tests\Beginner\FibonacciSequence.Tests\FibonacciSequence.Tests.csproj", "{13D5DFAD-E4A0-40C9-9294-BE205FA773C9}"
EndProject
Project("{FAE04EC0-301F-11D3-BF4B-00C04F79EFBC}") = "LargestNumber", "src\Beginner\LargestNumber\LargestNumber.csproj", "{11665871-BE08-184A-C33F-5578F37F34BE}"
EndProject
Project("{FAE04EC0-301F-11D3-BF4B-00C04F79EFBC}") = "LargestNumber.Tests", "tests\Beginner\LargestNumber.Tests\LargestNumber.Tests.csproj", "{378EFDDD-599A-7654-CED3-3EBA2FF6E447}"
EndProject
Global
	GlobalSection(SolutionConfigurationPlatforms) = preSolution
		Debug|Any CPU = Debug|Any CPU
		Debug|x64 = Debug|x64
		Debug|x86 = Debug|x86
		Release|Any CPU = Release|Any CPU
		Release|x64 = Release|x64
		Release|x86 = Release|x86
	EndGlobalSection
	GlobalSection(ProjectConfigurationPlatforms) = postSolution
		{82809D9F-3AA0-4AB4-A5BD-CD531FF01AEE}.Debug|Any CPU.ActiveCfg = Debug|Any CPU
		{82809D9F-3AA0-4AB4-A5BD-CD531FF01AEE}.Debug|Any CPU.Build.0 = Debug|Any CPU
		{82809D9F-3AA0-4AB4-A5BD-CD531FF01AEE}.Debug|x64.ActiveCfg = Debug|Any CPU
		{82809D9F-3AA0-4AB4-A5BD-CD531FF01AEE}.Debug|x64.Build.0 = Debug|Any CPU
		{82809D9F-3AA0-4AB4-A5BD-CD531FF01AEE}.Debug|x86.ActiveCfg = Debug|Any CPU
		{82809D9F-3AA0-4AB4-A5BD-CD531FF01AEE}.Debug|x86.Build.0 = Debug|Any CPU
		{82809D9F-3AA0-4AB4-A5BD-CD531FF01AEE}.Release|Any CPU.ActiveCfg = Release|Any CPU
		{82809D9F-3AA0-4AB4-A5BD-CD531FF01AEE}.Release|Any CPU.Build.0 = Release|Any CPU
		{82809D9F-3AA0-4AB4-A5BD-CD531FF01AEE}.Release|x64.ActiveCfg = Release|Any CPU
		{82809D9F-3AA0-4AB4-A5BD-CD531FF01AEE}.Release|x64.Build.0 = Release|Any CPU
		{82809D9F-3AA0-4AB4-A5BD-CD531FF01AEE}.Release|x86.ActiveCfg = Release|Any CPU
		{82809D9F-3AA0-4AB4-A5BD-CD531FF01AEE}.Release|x86.Build.0 = Release|Any CPU
		{BFF26C00-67E1-4B10-B54A-61803BC6CB1F}.Debug|Any CPU.ActiveCfg = Debug|Any CPU
		{BFF26C00-67E1-4B10-B54A-61803BC6CB1F}.Debug|Any CPU.Build.0 = Debug|Any CPU
		{BFF26C00-67E1-4B10-B54A-61803BC6CB1F}.Debug|x64.ActiveCfg = Debug|Any CPU
		{BFF26C00-67E1-4B10-B54A-61803BC6CB1F}.Debug|x64.Build.0 = Debug|Any CPU
		{BFF26C00-67E1-4B10-B54A-61803BC6CB1F}.Debug|x86.ActiveCfg = Debug|Any CPU
		{BFF26C00-67E1-4B10-B54A-61803BC6CB1F}.Debug|x86.Build.0 = Debug|Any CPU
		{BFF26C00-67E1-4B10-B54A-61803BC6CB1F}.Release|Any CPU.ActiveCfg = Release|Any CPU
		{BFF26C00-67E1-4B10-B54A-61803BC6CB1F}.Release|Any CPU.Build.0 = Release|Any CPU
		{BFF26C00-67E1-4B10-B54A-61803BC6CB1F}.Release|x64.ActiveCfg = Release|Any CPU
		{BFF26C00-67E1-4B10-B54A-61803BC6CB1F}.Release|x64.Build.0 = Release|Any CPU
		{BFF26C00-67E1-4B10-B54A-61803BC6CB1F}.Release|x86.ActiveCfg = Release|Any CPU
		{BFF26C00-67E1-4B10-B54A-61803BC6CB1F}.Release|x86.Build.0 = Release|Any CPU
		{4175639F-8B74-4A23-A8D5-ADB59768230C}.Debug|Any CPU.ActiveCfg = Debug|Any CPU
		{4175639F-8B74-4A23-A8D5-ADB59768230C}.Debug|Any CPU.Build.0 = Debug|Any CPU
		{4175639F-8B74-4A23-A8D5-ADB59768230C}.Debug|x64.ActiveCfg = Debug|Any CPU
		{4175639F-8B74-4A23-A8D5-ADB59768230C}.Debug|x64.Build.0 = Debug|Any CPU
		{4175639F-8B74-4A23-A8D5-ADB59768230C}.Debug|x86.ActiveCfg = Debug|Any CPU
		{4175639F-8B74-4A23-A8D5-ADB59768230C}.Debug|x86.Build.0 = Debug|Any CPU
		{4175639F-8B74-4A23-A8D5-ADB59768230C}.Release|Any CPU.ActiveCfg = Release|Any CPU
		{4175639F-8B74-4A23-A8D5-ADB59768230C}.Release|Any CPU.Build.0 = Release|Any CPU
		{4175639F-8B74-4A23-A8D5-ADB59768230C}.Release|x64.ActiveCfg = Release|Any CPU
		{4175639F-8B74-4A23-A8D5-ADB59768230C}.Release|x64.Build.0 = Release|Any CPU
		{4175639F-8B74-4A23-A8D5-ADB59768230C}.Release|x86.ActiveCfg = Release|Any CPU
		{4175639F-8B74-4A23-A8D5-ADB59768230C}.Release|x86.Build.0 = Release|Any CPU
		{984A7E00-54C8-4E82-934B-30C5033392B5}.Debug|Any CPU.ActiveCfg = Debug|Any CPU
		{984A7E00-54C8-4E82-934B-30C5033392B5}.Debug|Any CPU.Build.0 = Debug|Any CPU
		{984A7E00-54C8-4E82-934B-30C5033392B5}.Debug|x64.ActiveCfg = Debug|Any CPU
		{984A7E00-54C8-4E82-934B-30C5033392B5}.Debug|x64.Build.0 = Debug|Any CPU
		{984A7E00-54C8-4E82-934B-30C5033392B5}.Debug|x86.ActiveCfg = Debug|Any CPU
		{984A7E00-54C8-4E82-934B-30C5033392B5}.Debug|x86.Build.0 = Debug|Any CPU
		{984A7E00-54C8-4E82-934B-30C5033392B5}.Release|Any CPU.ActiveCfg = Release|Any CPU
		{984A7E00-54C8-4E82-934B-30C5033392B5}.Release|Any CPU.Build.0 = Release|Any CPU
		{984A7E00-54C8-4E82-934B-30C5033392B5}.Release|x64.ActiveCfg = Release|Any CPU
		{984A7E00-54C8-4E82-934B-30C5033392B5}.Release|x64.Build.0 = Release|Any CPU
		{984A7E00-54C8-4E82-934B-30C5033392B5}.Release|x86.ActiveCfg = Release|Any CPU
		{984A7E00-54C8-4E82-934B-30C5033392B5}.Release|x86.Build.0 = Release|Any CPU
		{5735A19E-2150-44BB-BA31-642ABD895516}.Debug|Any CPU.ActiveCfg = Debug|Any CPU
		{5735A19E-2150-44BB-BA31-642ABD895516}.Debug|Any CPU.Build.0 = Debug|Any CPU
		{5735A19E-2150-44BB-BA31-642ABD895516}.Debug|x64.ActiveCfg = Debug|Any CPU
		{5735A19E-2150-44BB-BA31-642ABD895516}.Debug|x64.Build.0 = Debug|Any CPU
		{5735A19E-2150-44BB-BA31-642ABD895516}.Debug|x86.ActiveCfg = Debug|Any CPU
		{5735A19E-2150-44BB-BA31-642ABD895516}.Debug|x86.Build.0 = Debug|Any CPU
		{5735A19E-2150-44BB-BA31-642ABD895516}.Release|Any CPU.ActiveCfg = Release|Any CPU
		{5735A19E-2150-44BB-BA31-642ABD895516}.Release|Any CPU.Build.0 = Release|Any CPU
		{5735A19E-2150-44BB-BA31-642ABD895516}.Release|x64.ActiveCfg = Release|Any CPU
		{5735A19E-2150-44BB-BA31-642ABD895516}.Release|x64.Build.0 = Release|Any CPU
		{5735A19E-2150-44BB-BA31-642ABD895516}.Release|x86.ActiveCfg = Release|Any CPU
		{5735A19E-2150-44BB-BA31-642ABD895516}.Release|x86.Build.0 = Release|Any CPU
		{068A813D-51EC-4E72-B78E-1A49088002F2}.Debug|Any CPU.ActiveCfg = Debug|Any CPU
		{068A813D-51EC-4E72-B78E-1A49088002F2}.Debug|Any CPU.Build.0 = Debug|Any CPU
		{068A813D-51EC-4E72-B78E-1A49088002F2}.Debug|x64.ActiveCfg = Debug|Any CPU
		{068A813D-51EC-4E72-B78E-1A49088002F2}.Debug|x64.Build.0 = Debug|Any CPU
		{068A813D-51EC-4E72-B78E-1A49088002F2}.Debug|x86.ActiveCfg = Debug|Any CPU
		{068A813D-51EC-4E72-B78E-1A49088002F2}.Debug|x86.Build.0 = Debug|Any CPU
		{068A813D-51EC-4E72-B78E-1A49088002F2}.Release|Any CPU.ActiveCfg = Release|Any CPU
		{068A813D-51EC-4E72-B78E-1A49088002F2}.Release|Any CPU.Build.0 = Release|Any CPU
		{068A813D-51EC-4E72-B78E-1A49088002F2}.Release|x64.ActiveCfg = Release|Any CPU
		{068A813D-51EC-4E72-B78E-1A49088002F2}.Release|x64.Build.0 = Release|Any CPU
		{068A813D-51EC-4E72-B78E-1A49088002F2}.Release|x86.ActiveCfg = Release|Any CPU
		{068A813D-51EC-4E72-B78E-1A49088002F2}.Release|x86.Build.0 = Release|Any CPU
		{DB0A1CA3-E532-4F22-B7AF-C86E08BC0D56}.Debug|Any CPU.ActiveCfg = Debug|Any CPU
		{DB0A1CA3-E532-4F22-B7AF-C86E08BC0D56}.Debug|Any CPU.Build.0 = Debug|Any CPU
		{DB0A1CA3-E532-4F22-B7AF-C86E08BC0D56}.Debug|x64.ActiveCfg = Debug|Any CPU
		{DB0A1CA3-E532-4F22-B7AF-C86E08BC0D56}.Debug|x64.Build.0 = Debug|Any CPU
		{DB0A1CA3-E532-4F22-B7AF-C86E08BC0D56}.Debug|x86.ActiveCfg = Debug|Any CPU
		{DB0A1CA3-E532-4F22-B7AF-C86E08BC0D56}.Debug|x86.Build.0 = Debug|Any CPU
		{DB0A1CA3-E532-4F22-B7AF-C86E08BC0D56}.Release|Any CPU.ActiveCfg = Release|Any CPU
		{DB0A1CA3-E532-4F22-B7AF-C86E08BC0D56}.Release|Any CPU.Build.0 = Release|Any CPU
		{DB0A1CA3-E532-4F22-B7AF-C86E08BC0D56}.Release|x64.ActiveCfg = Release|Any CPU
		{DB0A1CA3-E532-4F22-B7AF-C86E08BC0D56}.Release|x64.Build.0 = Release|Any CPU
		{DB0A1CA3-E532-4F22-B7AF-C86E08BC0D56}.Release|x86.ActiveCfg = Release|Any CPU
		{DB0A1CA3-E532-4F22-B7AF-C86E08BC0D56}.Release|x86.Build.0 = Release|Any CPU
		{F476AC43-BC0C-43CB-8B28-DED9E2E1C3D7}.Debug|Any CPU.ActiveCfg = Debug|Any CPU
		{F476AC43-BC0C-43CB-8B28-DED9E2E1C3D7}.Debug|Any CPU.Build.0 = Debug|Any CPU
		{F476AC43-BC0C-43CB-8B28-DED9E2E1C3D7}.Debug|x64.ActiveCfg = Debug|Any CPU
		{F476AC43-BC0C-43CB-8B28-DED9E2E1C3D7}.Debug|x64.Build.0 = Debug|Any CPU
		{F476AC43-BC0C-43CB-8B28-DED9E2E1C3D7}.Debug|x86.ActiveCfg = Debug|Any CPU
		{F476AC43-BC0C-43CB-8B28-DED9E2E1C3D7}.Debug|x86.Build.0 = Debug|Any CPU
		{F476AC43-BC0C-43CB-8B28-DED9E2E1C3D7}.Release|Any CPU.ActiveCfg = Release|Any CPU
		{F476AC43-BC0C-43CB-8B28-DED9E2E1C3D7}.Release|Any CPU.Build.0 = Release|Any CPU
		{F476AC43-BC0C-43CB-8B28-DED9E2E1C3D7}.Release|x64.ActiveCfg = Release|Any CPU
		{F476AC43-BC0C-43CB-8B28-DED9E2E1C3D7}.Release|x64.Build.0 = Release|Any CPU
		{F476AC43-BC0C-43CB-8B28-DED9E2E1C3D7}.Release|x86.ActiveCfg = Release|Any CPU
		{F476AC43-BC0C-43CB-8B28-DED9E2E1C3D7}.Release|x86.Build.0 = Release|Any CPU
		{A481A183-DEE0-4665-8434-680A522B5CD9}.Debug|Any CPU.ActiveCfg = Debug|Any CPU
		{A481A183-DEE0-4665-8434-680A522B5CD9}.Debug|Any CPU.Build.0 = Debug|Any CPU
		{A481A183-DEE0-4665-8434-680A522B5CD9}.Debug|x64.ActiveCfg = Debug|Any CPU
		{A481A183-DEE0-4665-8434-680A522B5CD9}.Debug|x64.Build.0 = Debug|Any CPU
		{A481A183-DEE0-4665-8434-680A522B5CD9}.Debug|x86.ActiveCfg = Debug|Any CPU
		{A481A183-DEE0-4665-8434-680A522B5CD9}.Debug|x86.Build.0 = Debug|Any CPU
		{A481A183-DEE0-4665-8434-680A522B5CD9}.Release|Any CPU.ActiveCfg = Release|Any CPU
		{A481A183-DEE0-4665-8434-680A522B5CD9}.Release|Any CPU.Build.0 = Release|Any CPU
		{A481A183-DEE0-4665-8434-680A522B5CD9}.Release|x64.ActiveCfg = Release|Any CPU
		{A481A183-DEE0-4665-8434-680A522B5CD9}.Release|x64.Build.0 = Release|Any CPU
		{A481A183-DEE0-4665-8434-680A522B5CD9}.Release|x86.ActiveCfg = Release|Any CPU
		{A481A183-DEE0-4665-8434-680A522B5CD9}.Release|x86.Build.0 = Release|Any CPU
		{40D177A2-B794-40D4-B6B4-E97ECCB6577D}.Debug|Any CPU.ActiveCfg = Debug|Any CPU
		{40D177A2-B794-40D4-B6B4-E97ECCB6577D}.Debug|Any CPU.Build.0 = Debug|Any CPU
		{40D177A2-B794-40D4-B6B4-E97ECCB6577D}.Debug|x64.ActiveCfg = Debug|Any CPU
		{40D177A2-B794-40D4-B6B4-E97ECCB6577D}.Debug|x64.Build.0 = Debug|Any CPU
		{40D177A2-B794-40D4-B6B4-E97ECCB6577D}.Debug|x86.ActiveCfg = Debug|Any CPU
		{40D177A2-B794-40D4-B6B4-E97ECCB6577D}.Debug|x86.Build.0 = Debug|Any CPU
		{40D177A2-B794-40D4-B6B4-E97ECCB6577D}.Release|Any CPU.ActiveCfg = Release|Any CPU
		{40D177A2-B794-40D4-B6B4-E97ECCB6577D}.Release|Any CPU.Build.0 = Release|Any CPU
		{40D177A2-B794-40D4-B6B4-E97ECCB6577D}.Release|x64.ActiveCfg = Release|Any CPU
		{40D177A2-B794-40D4-B6B4-E97ECCB6577D}.Release|x64.Build.0 = Release|Any CPU
		{40D177A2-B794-40D4-B6B4-E97ECCB6577D}.Release|x86.ActiveCfg = Release|Any CPU
		{40D177A2-B794-40D4-B6B4-E97ECCB6577D}.Release|x86.Build.0 = Release|Any CPU
		{9273DA4E-DFEE-4409-9483-2AFA47993704}.Debug|Any CPU.ActiveCfg = Debug|Any CPU
		{9273DA4E-DFEE-4409-9483-2AFA47993704}.Debug|Any CPU.Build.0 = Debug|Any CPU
		{9273DA4E-DFEE-4409-9483-2AFA47993704}.Debug|x64.ActiveCfg = Debug|Any CPU
		{9273DA4E-DFEE-4409-9483-2AFA47993704}.Debug|x64.Build.0 = Debug|Any CPU
		{9273DA4E-DFEE-4409-9483-2AFA47993704}.Debug|x86.ActiveCfg = Debug|Any CPU
		{9273DA4E-DFEE-4409-9483-2AFA47993704}.Debug|x86.Build.0 = Debug|Any CPU
		{9273DA4E-DFEE-4409-9483-2AFA47993704}.Release|Any CPU.ActiveCfg = Release|Any CPU
		{9273DA4E-DFEE-4409-9483-2AFA47993704}.Release|Any CPU.Build.0 = Release|Any CPU
		{9273DA4E-DFEE-4409-9483-2AFA47993704}.Release|x64.ActiveCfg = Release|Any CPU
		{9273DA4E-DFEE-4409-9483-2AFA47993704}.Release|x64.Build.0 = Release|Any CPU
		{9273DA4E-DFEE-4409-9483-2AFA47993704}.Release|x86.ActiveCfg = Release|Any CPU
		{9273DA4E-DFEE-4409-9483-2AFA47993704}.Release|x86.Build.0 = Release|Any CPU
		{5F1F7E17-9DDD-DC1E-8956-A4B9B4497A07}.Debug|Any CPU.ActiveCfg = Debug|Any CPU
		{5F1F7E17-9DDD-DC1E-8956-A4B9B4497A07}.Debug|Any CPU.Build.0 = Debug|Any CPU
		{5F1F7E17-9DDD-DC1E-8956-A4B9B4497A07}.Debug|x64.ActiveCfg = Debug|Any CPU
		{5F1F7E17-9DDD-DC1E-8956-A4B9B4497A07}.Debug|x64.Build.0 = Debug|Any CPU
		{5F1F7E17-9DDD-DC1E-8956-A4B9B4497A07}.Debug|x86.ActiveCfg = Debug|Any CPU
		{5F1F7E17-9DDD-DC1E-8956-A4B9B4497A07}.Debug|x86.Build.0 = Debug|Any CPU
		{5F1F7E17-9DDD-DC1E-8956-A4B9B4497A07}.Release|Any CPU.ActiveCfg = Release|Any CPU
		{5F1F7E17-9DDD-DC1E-8956-A4B9B4497A07}.Release|Any CPU.Build.0 = Release|Any CPU
		{5F1F7E17-9DDD-DC1E-8956-A4B9B4497A07}.Release|x64.ActiveCfg = Release|Any CPU
		{5F1F7E17-9DDD-DC1E-8956-A4B9B4497A07}.Release|x64.Build.0 = Release|Any CPU
		{5F1F7E17-9DDD-DC1E-8956-A4B9B4497A07}.Release|x86.ActiveCfg = Release|Any CPU
		{5F1F7E17-9DDD-DC1E-8956-A4B9B4497A07}.Release|x86.Build.0 = Release|Any CPU
		{00D5F7FA-85ED-4ADC-A5B9-2600C0939B43}.Debug|Any CPU.ActiveCfg = Debug|Any CPU
		{00D5F7FA-85ED-4ADC-A5B9-2600C0939B43}.Debug|Any CPU.Build.0 = Debug|Any CPU
		{00D5F7FA-85ED-4ADC-A5B9-2600C0939B43}.Debug|x64.ActiveCfg = Debug|Any CPU
		{00D5F7FA-85ED-4ADC-A5B9-2600C0939B43}.Debug|x64.Build.0 = Debug|Any CPU
		{00D5F7FA-85ED-4ADC-A5B9-2600C0939B43}.Debug|x86.ActiveCfg = Debug|Any CPU
		{00D5F7FA-85ED-4ADC-A5B9-2600C0939B43}.Debug|x86.Build.0 = Debug|Any CPU
		{00D5F7FA-85ED-4ADC-A5B9-2600C0939B43}.Release|Any CPU.ActiveCfg = Release|Any CPU
		{00D5F7FA-85ED-4ADC-A5B9-2600C0939B43}.Release|Any CPU.Build.0 = Release|Any CPU
		{00D5F7FA-85ED-4ADC-A5B9-2600C0939B43}.Release|x64.ActiveCfg = Release|Any CPU
		{00D5F7FA-85ED-4ADC-A5B9-2600C0939B43}.Release|x64.Build.0 = Release|Any CPU
		{00D5F7FA-85ED-4ADC-A5B9-2600C0939B43}.Release|x86.ActiveCfg = Release|Any CPU
		{00D5F7FA-85ED-4ADC-A5B9-2600C0939B43}.Release|x86.Build.0 = Release|Any CPU
		{64254FB2-D7D3-4749-8722-2532CFAA4340}.Debug|Any CPU.ActiveCfg = Debug|Any CPU
		{64254FB2-D7D3-4749-8722-2532CFAA4340}.Debug|Any CPU.Build.0 = Debug|Any CPU
		{64254FB2-D7D3-4749-8722-2532CFAA4340}.Debug|x64.ActiveCfg = Debug|Any CPU
		{64254FB2-D7D3-4749-8722-2532CFAA4340}.Debug|x64.Build.0 = Debug|Any CPU
		{64254FB2-D7D3-4749-8722-2532CFAA4340}.Debug|x86.ActiveCfg = Debug|Any CPU
		{64254FB2-D7D3-4749-8722-2532CFAA4340}.Debug|x86.Build.0 = Debug|Any CPU
		{64254FB2-D7D3-4749-8722-2532CFAA4340}.Release|Any CPU.ActiveCfg = Release|Any CPU
		{64254FB2-D7D3-4749-8722-2532CFAA4340}.Release|Any CPU.Build.0 = Release|Any CPU
		{64254FB2-D7D3-4749-8722-2532CFAA4340}.Release|x64.ActiveCfg = Release|Any CPU
		{64254FB2-D7D3-4749-8722-2532CFAA4340}.Release|x64.Build.0 = Release|Any CPU
		{64254FB2-D7D3-4749-8722-2532CFAA4340}.Release|x86.ActiveCfg = Release|Any CPU
		{64254FB2-D7D3-4749-8722-2532CFAA4340}.Release|x86.Build.0 = Release|Any CPU
		{43FB0AFC-AFEA-4640-A637-AC366265FF1C}.Debug|Any CPU.ActiveCfg = Debug|Any CPU
		{43FB0AFC-AFEA-4640-A637-AC366265FF1C}.Debug|Any CPU.Build.0 = Debug|Any CPU
		{43FB0AFC-AFEA-4640-A637-AC366265FF1C}.Debug|x64.ActiveCfg = Debug|Any CPU
		{43FB0AFC-AFEA-4640-A637-AC366265FF1C}.Debug|x64.Build.0 = Debug|Any CPU
		{43FB0AFC-AFEA-4640-A637-AC366265FF1C}.Debug|x86.ActiveCfg = Debug|Any CPU
		{43FB0AFC-AFEA-4640-A637-AC366265FF1C}.Debug|x86.Build.0 = Debug|Any CPU
		{43FB0AFC-AFEA-4640-A637-AC366265FF1C}.Release|Any CPU.ActiveCfg = Release|Any CPU
		{43FB0AFC-AFEA-4640-A637-AC366265FF1C}.Release|Any CPU.Build.0 = Release|Any CPU
		{43FB0AFC-AFEA-4640-A637-AC366265FF1C}.Release|x64.ActiveCfg = Release|Any CPU
		{43FB0AFC-AFEA-4640-A637-AC366265FF1C}.Release|x64.Build.0 = Release|Any CPU
		{43FB0AFC-AFEA-4640-A637-AC366265FF1C}.Release|x86.ActiveCfg = Release|Any CPU
		{43FB0AFC-AFEA-4640-A637-AC366265FF1C}.Release|x86.Build.0 = Release|Any CPU
		{04889BCA-A7E9-40DB-9DA8-0C7621DFD9C8}.Debug|Any CPU.ActiveCfg = Debug|Any CPU
		{04889BCA-A7E9-40DB-9DA8-0C7621DFD9C8}.Debug|Any CPU.Build.0 = Debug|Any CPU
		{04889BCA-A7E9-40DB-9DA8-0C7621DFD9C8}.Debug|x64.ActiveCfg = Debug|Any CPU
		{04889BCA-A7E9-40DB-9DA8-0C7621DFD9C8}.Debug|x64.Build.0 = Debug|Any CPU
		{04889BCA-A7E9-40DB-9DA8-0C7621DFD9C8}.Debug|x86.ActiveCfg = Debug|Any CPU
		{04889BCA-A7E9-40DB-9DA8-0C7621DFD9C8}.Debug|x86.Build.0 = Debug|Any CPU
		{04889BCA-A7E9-40DB-9DA8-0C7621DFD9C8}.Release|Any CPU.ActiveCfg = Release|Any CPU
		{04889BCA-A7E9-40DB-9DA8-0C7621DFD9C8}.Release|Any CPU.Build.0 = Release|Any CPU
		{04889BCA-A7E9-40DB-9DA8-0C7621DFD9C8}.Release|x64.ActiveCfg = Release|Any CPU
		{04889BCA-A7E9-40DB-9DA8-0C7621DFD9C8}.Release|x64.Build.0 = Release|Any CPU
		{04889BCA-A7E9-40DB-9DA8-0C7621DFD9C8}.Release|x86.ActiveCfg = Release|Any CPU
		{04889BCA-A7E9-40DB-9DA8-0C7621DFD9C8}.Release|x86.Build.0 = Release|Any CPU
		{C9AFEA36-078D-4788-9499-7380B036E269}.Debug|Any CPU.ActiveCfg = Debug|Any CPU
		{C9AFEA36-078D-4788-9499-7380B036E269}.Debug|Any CPU.Build.0 = Debug|Any CPU
		{C9AFEA36-078D-4788-9499-7380B036E269}.Debug|x64.ActiveCfg = Debug|Any CPU
		{C9AFEA36-078D-4788-9499-7380B036E269}.Debug|x64.Build.0 = Debug|Any CPU
		{C9AFEA36-078D-4788-9499-7380B036E269}.Debug|x86.ActiveCfg = Debug|Any CPU
		{C9AFEA36-078D-4788-9499-7380B036E269}.Debug|x86.Build.0 = Debug|Any CPU
		{C9AFEA36-078D-4788-9499-7380B036E269}.Release|Any CPU.ActiveCfg = Release|Any CPU
		{C9AFEA36-078D-4788-9499-7380B036E269}.Release|Any CPU.Build.0 = Release|Any CPU
		{C9AFEA36-078D-4788-9499-7380B036E269}.Release|x64.ActiveCfg = Release|Any CPU
		{C9AFEA36-078D-4788-9499-7380B036E269}.Release|x64.Build.0 = Release|Any CPU
		{C9AFEA36-078D-4788-9499-7380B036E269}.Release|x86.ActiveCfg = Release|Any CPU
		{C9AFEA36-078D-4788-9499-7380B036E269}.Release|x86.Build.0 = Release|Any CPU
		{C09D2F90-13FA-4D00-B1FC-7770AA4DF5BD}.Debug|Any CPU.ActiveCfg = Debug|Any CPU
		{C09D2F90-13FA-4D00-B1FC-7770AA4DF5BD}.Debug|Any CPU.Build.0 = Debug|Any CPU
		{C09D2F90-13FA-4D00-B1FC-7770AA4DF5BD}.Debug|x64.ActiveCfg = Debug|Any CPU
		{C09D2F90-13FA-4D00-B1FC-7770AA4DF5BD}.Debug|x64.Build.0 = Debug|Any CPU
		{C09D2F90-13FA-4D00-B1FC-7770AA4DF5BD}.Debug|x86.ActiveCfg = Debug|Any CPU
		{C09D2F90-13FA-4D00-B1FC-7770AA4DF5BD}.Debug|x86.Build.0 = Debug|Any CPU
		{C09D2F90-13FA-4D00-B1FC-7770AA4DF5BD}.Release|Any CPU.ActiveCfg = Release|Any CPU
		{C09D2F90-13FA-4D00-B1FC-7770AA4DF5BD}.Release|Any CPU.Build.0 = Release|Any CPU
		{C09D2F90-13FA-4D00-B1FC-7770AA4DF5BD}.Release|x64.ActiveCfg = Release|Any CPU
		{C09D2F90-13FA-4D00-B1FC-7770AA4DF5BD}.Release|x64.Build.0 = Release|Any CPU
		{C09D2F90-13FA-4D00-B1FC-7770AA4DF5BD}.Release|x86.ActiveCfg = Release|Any CPU
		{C09D2F90-13FA-4D00-B1FC-7770AA4DF5BD}.Release|x86.Build.0 = Release|Any CPU
		{23D279E4-10F6-4F9F-A492-99AB1C5DE214}.Debug|Any CPU.ActiveCfg = Debug|Any CPU
		{23D279E4-10F6-4F9F-A492-99AB1C5DE214}.Debug|Any CPU.Build.0 = Debug|Any CPU
		{23D279E4-10F6-4F9F-A492-99AB1C5DE214}.Debug|x64.ActiveCfg = Debug|Any CPU
		{23D279E4-10F6-4F9F-A492-99AB1C5DE214}.Debug|x64.Build.0 = Debug|Any CPU
		{23D279E4-10F6-4F9F-A492-99AB1C5DE214}.Debug|x86.ActiveCfg = Debug|Any CPU
		{23D279E4-10F6-4F9F-A492-99AB1C5DE214}.Debug|x86.Build.0 = Debug|Any CPU
		{23D279E4-10F6-4F9F-A492-99AB1C5DE214}.Release|Any CPU.ActiveCfg = Release|Any CPU
		{23D279E4-10F6-4F9F-A492-99AB1C5DE214}.Release|Any CPU.Build.0 = Release|Any CPU
		{23D279E4-10F6-4F9F-A492-99AB1C5DE214}.Release|x64.ActiveCfg = Release|Any CPU
		{23D279E4-10F6-4F9F-A492-99AB1C5DE214}.Release|x64.Build.0 = Release|Any CPU
		{23D279E4-10F6-4F9F-A492-99AB1C5DE214}.Release|x86.ActiveCfg = Release|Any CPU
		{23D279E4-10F6-4F9F-A492-99AB1C5DE214}.Release|x86.Build.0 = Release|Any CPU
		{13D5DFAD-E4A0-40C9-9294-BE205FA773C9}.Debug|Any CPU.ActiveCfg = Debug|Any CPU
		{13D5DFAD-E4A0-40C9-9294-BE205FA773C9}.Debug|Any CPU.Build.0 = Debug|Any CPU
		{13D5DFAD-E4A0-40C9-9294-BE205FA773C9}.Debug|x64.ActiveCfg = Debug|Any CPU
		{13D5DFAD-E4A0-40C9-9294-BE205FA773C9}.Debug|x64.Build.0 = Debug|Any CPU
		{13D5DFAD-E4A0-40C9-9294-BE205FA773C9}.Debug|x86.ActiveCfg = Debug|Any CPU
		{13D5DFAD-E4A0-40C9-9294-BE205FA773C9}.Debug|x86.Build.0 = Debug|Any CPU
		{13D5DFAD-E4A0-40C9-9294-BE205FA773C9}.Release|Any CPU.ActiveCfg = Release|Any CPU
		{13D5DFAD-E4A0-40C9-9294-BE205FA773C9}.Release|Any CPU.Build.0 = Release|Any CPU
		{13D5DFAD-E4A0-40C9-9294-BE205FA773C9}.Release|x64.ActiveCfg = Release|Any CPU
		{13D5DFAD-E4A0-40C9-9294-BE205FA773C9}.Release|x64.Build.0 = Release|Any CPU
		{13D5DFAD-E4A0-40C9-9294-BE205FA773C9}.Release|x86.ActiveCfg = Release|Any CPU
		{13D5DFAD-E4A0-40C9-9294-BE205FA773C9}.Release|x86.Build.0 = Release|Any CPU
		{11665871-BE08-184A-C33F-5578F37F34BE}.Debug|Any CPU.ActiveCfg = Debug|Any CPU
		{11665871-BE08-184A-C33F-5578F37F34BE}.Debug|Any CPU.Build.0 = Debug|Any CPU
		{11665871-BE08-184A-C33F-5578F37F34BE}.Debug|x64.ActiveCfg = Debug|Any CPU
		{11665871-BE08-184A-C33F-5578F37F34BE}.Debug|x64.Build.0 = Debug|Any CPU
		{11665871-BE08-184A-C33F-5578F37F34BE}.Debug|x86.ActiveCfg = Debug|Any CPU
		{11665871-BE08-184A-C33F-5578F37F34BE}.Debug|x86.Build.0 = Debug|Any CPU
		{11665871-BE08-184A-C33F-5578F37F34BE}.Release|Any CPU.ActiveCfg = Release|Any CPU
		{11665871-BE08-184A-C33F-5578F37F34BE}.Release|Any CPU.Build.0 = Release|Any CPU
		{11665871-BE08-184A-C33F-5578F37F34BE}.Release|x64.ActiveCfg = Release|Any CPU
		{11665871-BE08-184A-C33F-5578F37F34BE}.Release|x64.Build.0 = Release|Any CPU
		{11665871-BE08-184A-C33F-5578F37F34BE}.Release|x86.ActiveCfg = Release|Any CPU
		{11665871-BE08-184A-C33F-5578F37F34BE}.Release|x86.Build.0 = Release|Any CPU
		{378EFDDD-599A-7654-CED3-3EBA2FF6E447}.Debug|Any CPU.ActiveCfg = Debug|Any CPU
		{378EFDDD-599A-7654-CED3-3EBA2FF6E447}.Debug|Any CPU.Build.0 = Debug|Any CPU
		{378EFDDD-599A-7654-CED3-3EBA2FF6E447}.Debug|x64.ActiveCfg = Debug|Any CPU
		{378EFDDD-599A-7654-CED3-3EBA2FF6E447}.Debug|x64.Build.0 = Debug|Any CPU
		{378EFDDD-599A-7654-CED3-3EBA2FF6E447}.Debug|x86.ActiveCfg = Debug|Any CPU
		{378EFDDD-599A-7654-CED3-3EBA2FF6E447}.Debug|x86.Build.0 = Debug|Any CPU
		{378EFDDD-599A-7654-CED3-3EBA2FF6E447}.Release|Any CPU.ActiveCfg = Release|Any CPU
		{378EFDDD-599A-7654-CED3-3EBA2FF6E447}.Release|Any CPU.Build.0 = Release|Any CPU
		{378EFDDD-599A-7654-CED3-3EBA2FF6E447}.Release|x64.ActiveCfg = Release|Any CPU
		{378EFDDD-599A-7654-CED3-3EBA2FF6E447}.Release|x64.Build.0 = Release|Any CPU
		{378EFDDD-599A-7654-CED3-3EBA2FF6E447}.Release|x86.ActiveCfg = Release|Any CPU
		{378EFDDD-599A-7654-CED3-3EBA2FF6E447}.Release|x86.Build.0 = Release|Any CPU
	EndGlobalSection
	GlobalSection(SolutionProperties) = preSolution
		HideSolutionNode = FALSE
	EndGlobalSection
	GlobalSection(NestedProjects) = preSolution
		{8A8FE791-D814-58D8-8D11-043D19E13821} = {827E0CD3-B72D-47B6-A68D-7590B98EB39B}
		{82809D9F-3AA0-4AB4-A5BD-CD531FF01AEE} = {8A8FE791-D814-58D8-8D11-043D19E13821}
		{BFF26C00-67E1-4B10-B54A-61803BC6CB1F} = {8A8FE791-D814-58D8-8D11-043D19E13821}
		{4175639F-8B74-4A23-A8D5-ADB59768230C} = {8A8FE791-D814-58D8-8D11-043D19E13821}
		{984A7E00-54C8-4E82-934B-30C5033392B5} = {8A8FE791-D814-58D8-8D11-043D19E13821}
		{5735A19E-2150-44BB-BA31-642ABD895516} = {8A8FE791-D814-58D8-8D11-043D19E13821}
		{99287FBD-BD68-E921-985F-44167FA33DE2} = {0AB3BF05-4346-4AA6-1389-037BE0695223}
		{068A813D-51EC-4E72-B78E-1A49088002F2} = {99287FBD-BD68-E921-985F-44167FA33DE2}
		{DB0A1CA3-E532-4F22-B7AF-C86E08BC0D56} = {99287FBD-BD68-E921-985F-44167FA33DE2}
		{F476AC43-BC0C-43CB-8B28-DED9E2E1C3D7} = {99287FBD-BD68-E921-985F-44167FA33DE2}
		{A481A183-DEE0-4665-8434-680A522B5CD9} = {99287FBD-BD68-E921-985F-44167FA33DE2}
		{40D177A2-B794-40D4-B6B4-E97ECCB6577D} = {99287FBD-BD68-E921-985F-44167FA33DE2}
		{9273DA4E-DFEE-4409-9483-2AFA47993704} = {99287FBD-BD68-E921-985F-44167FA33DE2}
		{5F1F7E17-9DDD-DC1E-8956-A4B9B4497A07} = {8A8FE791-D814-58D8-8D11-043D19E13821}
		{00D5F7FA-85ED-4ADC-A5B9-2600C0939B43} = {8A8FE791-D814-58D8-8D11-043D19E13821}
		{64254FB2-D7D3-4749-8722-2532CFAA4340} = {99287FBD-BD68-E921-985F-44167FA33DE2}
		{43FB0AFC-AFEA-4640-A637-AC366265FF1C} = {8A8FE791-D814-58D8-8D11-043D19E13821}
		{04889BCA-A7E9-40DB-9DA8-0C7621DFD9C8} = {99287FBD-BD68-E921-985F-44167FA33DE2}
		{C9AFEA36-078D-4788-9499-7380B036E269} = {8A8FE791-D814-58D8-8D11-043D19E13821}
		{C09D2F90-13FA-4D00-B1FC-7770AA4DF5BD} = {99287FBD-BD68-E921-985F-44167FA33DE2}
		{23D279E4-10F6-4F9F-A492-99AB1C5DE214} = {8A8FE791-D814-58D8-8D11-043D19E13821}
		{13D5DFAD-E4A0-40C9-9294-BE205FA773C9} = {99287FBD-BD68-E921-985F-44167FA33DE2}
		{11665871-BE08-184A-C33F-5578F37F34BE} = {8A8FE791-D814-58D8-8D11-043D19E13821}
		{378EFDDD-599A-7654-CED3-3EBA2FF6E447} = {99287FBD-BD68-E921-985F-44167FA33DE2}
	EndGlobalSection
	GlobalSection(ExtensibilityGlobals) = postSolution
		SolutionGuid = {CA121946-1EE4-40CB-B7EF-225D613FAE85}
	EndGlobalSection
EndGlobal
